// !$*UTF8*$!
{
	archiveVersion = 1;
	classes = {
	};
	objectVersion = 50;
	objects = {

/* Begin PBXBuildFile section */
		461514A624D193A90085EE57 /* AppDelegate.swift in Sources */ = {isa = PBXBuildFile; fileRef = 461514A524D193A90085EE57 /* AppDelegate.swift */; };
		461514A824D193A90085EE57 /* SceneDelegate.swift in Sources */ = {isa = PBXBuildFile; fileRef = 461514A724D193A90085EE57 /* SceneDelegate.swift */; };
		461514AF24D193AC0085EE57 /* Assets.xcassets in Resources */ = {isa = PBXBuildFile; fileRef = 461514AE24D193AC0085EE57 /* Assets.xcassets */; };
		461514B224D193AC0085EE57 /* LaunchScreen.storyboard in Resources */ = {isa = PBXBuildFile; fileRef = 461514B024D193AC0085EE57 /* LaunchScreen.storyboard */; };
		461514BC24D19E500085EE57 /* Alamofire.framework in Frameworks */ = {isa = PBXBuildFile; fileRef = 461514BB24D19E500085EE57 /* Alamofire.framework */; };
		461514BD24D19E500085EE57 /* Alamofire.framework in Embed Frameworks */ = {isa = PBXBuildFile; fileRef = 461514BB24D19E500085EE57 /* Alamofire.framework */; settings = {ATTRIBUTES = (CodeSignOnCopy, RemoveHeadersOnCopy, ); }; };
		461514C324D19E600085EE57 /* Kingfisher.framework in Frameworks */ = {isa = PBXBuildFile; fileRef = 461514C024D19E600085EE57 /* Kingfisher.framework */; };
		461514C424D19E600085EE57 /* Kingfisher.framework in Embed Frameworks */ = {isa = PBXBuildFile; fileRef = 461514C024D19E600085EE57 /* Kingfisher.framework */; settings = {ATTRIBUTES = (CodeSignOnCopy, RemoveHeadersOnCopy, ); }; };
		461514C924D19E710085EE57 /* ReactiveSwift.framework in Frameworks */ = {isa = PBXBuildFile; fileRef = 461514C624D19E710085EE57 /* ReactiveSwift.framework */; };
		461514CA24D19E710085EE57 /* ReactiveSwift.framework in Embed Frameworks */ = {isa = PBXBuildFile; fileRef = 461514C624D19E710085EE57 /* ReactiveSwift.framework */; settings = {ATTRIBUTES = (CodeSignOnCopy, RemoveHeadersOnCopy, ); }; };
		461514CD24D1AF980085EE57 /* ViewModel.swift in Sources */ = {isa = PBXBuildFile; fileRef = 461514CC24D1AF980085EE57 /* ViewModel.swift */; };
		461514CF24D1B0130085EE57 /* Helper.swift in Sources */ = {isa = PBXBuildFile; fileRef = 461514CE24D1B0130085EE57 /* Helper.swift */; };
		461514D124D1B14C0085EE57 /* CollectionViewBindingUtil.swift in Sources */ = {isa = PBXBuildFile; fileRef = 461514D024D1B14C0085EE57 /* CollectionViewBindingUtil.swift */; };
		461514D324D1B1710085EE57 /* SectionedSourceProtocol.swift in Sources */ = {isa = PBXBuildFile; fileRef = 461514D224D1B1710085EE57 /* SectionedSourceProtocol.swift */; };
		461514D524D1B1930085EE57 /* FactoryProtocol.swift in Sources */ = {isa = PBXBuildFile; fileRef = 461514D424D1B1930085EE57 /* FactoryProtocol.swift */; };
		461514E824D26C3B0085EE57 /* HeroViewController.swift in Sources */ = {isa = PBXBuildFile; fileRef = 461514E724D26C3B0085EE57 /* HeroViewController.swift */; };
		461514EB24D287A90085EE57 /* HeroMainCell.swift in Sources */ = {isa = PBXBuildFile; fileRef = 461514E924D287A90085EE57 /* HeroMainCell.swift */; };
		461514EC24D287A90085EE57 /* HeroMainCell.xib in Resources */ = {isa = PBXBuildFile; fileRef = 461514EA24D287A90085EE57 /* HeroMainCell.xib */; };
		4618915F24D9365200519AF1 /* HeroDetailCell.swift in Sources */ = {isa = PBXBuildFile; fileRef = 4618915D24D9365100519AF1 /* HeroDetailCell.swift */; };
		4618916024D9365200519AF1 /* HeroDetailCell.xib in Resources */ = {isa = PBXBuildFile; fileRef = 4618915E24D9365200519AF1 /* HeroDetailCell.xib */; };
		4618916B24D97FBD00519AF1 /* TixDota2Tests.swift in Sources */ = {isa = PBXBuildFile; fileRef = 4618916A24D97FBD00519AF1 /* TixDota2Tests.swift */; };
		464F69FD24D4762900DEE186 /* Constants.swift in Sources */ = {isa = PBXBuildFile; fileRef = 464F69FC24D4762900DEE186 /* Constants.swift */; };
		464F6A0024D5229A00DEE186 /* Hero.swift in Sources */ = {isa = PBXBuildFile; fileRef = 464F69FF24D5229A00DEE186 /* Hero.swift */; };
		464F6A0424D6807C00DEE186 /* HeroDetailViewController.swift in Sources */ = {isa = PBXBuildFile; fileRef = 464F6A0324D6807C00DEE186 /* HeroDetailViewController.swift */; };
		464F6A0624D832EA00DEE186 /* KeychainSwift.framework in Frameworks */ = {isa = PBXBuildFile; fileRef = 464F6A0524D832E900DEE186 /* KeychainSwift.framework */; };
		464F6A0724D832EA00DEE186 /* KeychainSwift.framework in Embed Frameworks */ = {isa = PBXBuildFile; fileRef = 464F6A0524D832E900DEE186 /* KeychainSwift.framework */; settings = {ATTRIBUTES = (CodeSignOnCopy, RemoveHeadersOnCopy, ); }; };
		464F6A0A24D8341000DEE186 /* CacheStorage.swift in Sources */ = {isa = PBXBuildFile; fileRef = 464F6A0924D8341000DEE186 /* CacheStorage.swift */; };
		464F6A0C24D8342D00DEE186 /* HeroStorage.swift in Sources */ = {isa = PBXBuildFile; fileRef = 464F6A0B24D8342D00DEE186 /* HeroStorage.swift */; };
		4661E6E424D3EA9C00C82059 /* FilterCell.swift in Sources */ = {isa = PBXBuildFile; fileRef = 4661E6E224D3EA9C00C82059 /* FilterCell.swift */; };
		4661E6E524D3EA9C00C82059 /* FilterCell.xib in Resources */ = {isa = PBXBuildFile; fileRef = 4661E6E324D3EA9C00C82059 /* FilterCell.xib */; };
		4661E6E924D3F2CF00C82059 /* FilterView.swift in Sources */ = {isa = PBXBuildFile; fileRef = 4661E6E824D3F2CF00C82059 /* FilterView.swift */; };
		4661E6EB24D3F31600C82059 /* FilterView.xib in Resources */ = {isa = PBXBuildFile; fileRef = 4661E6EA24D3F31600C82059 /* FilterView.xib */; };
		4661E6ED24D4696200C82059 /* DetailView.swift in Sources */ = {isa = PBXBuildFile; fileRef = 4661E6EC24D4696200C82059 /* DetailView.swift */; };
		4661E6EF24D4697600C82059 /* DetailView.xib in Resources */ = {isa = PBXBuildFile; fileRef = 4661E6EE24D4697600C82059 /* DetailView.xib */; };
		46926E9924D9C46F005AA2DC /* Quick.framework in Frameworks */ = {isa = PBXBuildFile; fileRef = 46926E9824D9C46F005AA2DC /* Quick.framework */; };
		46926E9B24D9C473005AA2DC /* Nimble.framework in Frameworks */ = {isa = PBXBuildFile; fileRef = 46926E9A24D9C473005AA2DC /* Nimble.framework */; };
		46926E9F24DA4A86005AA2DC /* HeroMainCellModelSpec.swift in Sources */ = {isa = PBXBuildFile; fileRef = 46926E9E24DA4A86005AA2DC /* HeroMainCellModelSpec.swift */; };
		46926EA124DA4ADC005AA2DC /* HeroStorageSpec.swift in Sources */ = {isa = PBXBuildFile; fileRef = 46926EA024DA4ADC005AA2DC /* HeroStorageSpec.swift */; };
		46926EA324DA4B9F005AA2DC /* HeroViewModelSpec.swift in Sources */ = {isa = PBXBuildFile; fileRef = 46926EA224DA4B9F005AA2DC /* HeroViewModelSpec.swift */; };
		46926EA624DA4CFE005AA2DC /* HeroViewModel.swift in Sources */ = {isa = PBXBuildFile; fileRef = 46926EA524DA4CFE005AA2DC /* HeroViewModel.swift */; };
		46926EA824DA4DB1005AA2DC /* HeroDetailViewModel.swift in Sources */ = {isa = PBXBuildFile; fileRef = 46926EA724DA4DB1005AA2DC /* HeroDetailViewModel.swift */; };
		46926EAA24DA4E13005AA2DC /* HeroMainCellModel.swift in Sources */ = {isa = PBXBuildFile; fileRef = 46926EA924DA4E13005AA2DC /* HeroMainCellModel.swift */; };
		46926EAC24DA4E7F005AA2DC /* FilterCellModel.swift in Sources */ = {isa = PBXBuildFile; fileRef = 46926EAB24DA4E7F005AA2DC /* FilterCellModel.swift */; };
		46926EAE24DA4EDB005AA2DC /* FilterViewModel.swift in Sources */ = {isa = PBXBuildFile; fileRef = 46926EAD24DA4EDB005AA2DC /* FilterViewModel.swift */; };
		46926EB024DA4F3B005AA2DC /* DetailViewModel.swift in Sources */ = {isa = PBXBuildFile; fileRef = 46926EAF24DA4F3B005AA2DC /* DetailViewModel.swift */; };
		46926EB224DA4FD1005AA2DC /* HeroDetailCellModel.swift in Sources */ = {isa = PBXBuildFile; fileRef = 46926EB124DA4FD1005AA2DC /* HeroDetailCellModel.swift */; };
/* End PBXBuildFile section */

/* Begin PBXContainerItemProxy section */
		4618916D24D97FBD00519AF1 /* PBXContainerItemProxy */ = {
			isa = PBXContainerItemProxy;
			containerPortal = 4615149A24D193A90085EE57 /* Project object */;
			proxyType = 1;
			remoteGlobalIDString = 461514A124D193A90085EE57;
			remoteInfo = TixDota2;
		};
/* End PBXContainerItemProxy section */

/* Begin PBXCopyFilesBuildPhase section */
		461514BE24D19E500085EE57 /* Embed Frameworks */ = {
			isa = PBXCopyFilesBuildPhase;
			buildActionMask = 2147483647;
			dstPath = "";
			dstSubfolderSpec = 10;
			files = (
				464F6A0724D832EA00DEE186 /* KeychainSwift.framework in Embed Frameworks */,
				461514C424D19E600085EE57 /* Kingfisher.framework in Embed Frameworks */,
				461514CA24D19E710085EE57 /* ReactiveSwift.framework in Embed Frameworks */,
				461514BD24D19E500085EE57 /* Alamofire.framework in Embed Frameworks */,
			);
			name = "Embed Frameworks";
			runOnlyForDeploymentPostprocessing = 0;
		};
/* End PBXCopyFilesBuildPhase section */

/* Begin PBXFileReference section */
		461514A224D193A90085EE57 /* TixDota2.app */ = {isa = PBXFileReference; explicitFileType = wrapper.application; includeInIndex = 0; path = TixDota2.app; sourceTree = BUILT_PRODUCTS_DIR; };
		461514A524D193A90085EE57 /* AppDelegate.swift */ = {isa = PBXFileReference; lastKnownFileType = sourcecode.swift; path = AppDelegate.swift; sourceTree = "<group>"; };
		461514A724D193A90085EE57 /* SceneDelegate.swift */ = {isa = PBXFileReference; lastKnownFileType = sourcecode.swift; path = SceneDelegate.swift; sourceTree = "<group>"; };
		461514AE24D193AC0085EE57 /* Assets.xcassets */ = {isa = PBXFileReference; lastKnownFileType = folder.assetcatalog; path = Assets.xcassets; sourceTree = "<group>"; };
		461514B124D193AC0085EE57 /* Base */ = {isa = PBXFileReference; lastKnownFileType = file.storyboard; name = Base; path = Base.lproj/LaunchScreen.storyboard; sourceTree = "<group>"; };
		461514B324D193AC0085EE57 /* Info.plist */ = {isa = PBXFileReference; lastKnownFileType = text.plist.xml; path = Info.plist; sourceTree = "<group>"; };
		461514BB24D19E500085EE57 /* Alamofire.framework */ = {isa = PBXFileReference; lastKnownFileType = wrapper.framework; name = Alamofire.framework; path = Carthage/Build/iOS/Alamofire.framework; sourceTree = "<group>"; };
		461514BF24D19E600085EE57 /* Moya.framework */ = {isa = PBXFileReference; lastKnownFileType = wrapper.framework; name = Moya.framework; path = Carthage/Build/iOS/Moya.framework; sourceTree = "<group>"; };
		461514C024D19E600085EE57 /* Kingfisher.framework */ = {isa = PBXFileReference; lastKnownFileType = wrapper.framework; name = Kingfisher.framework; path = Carthage/Build/iOS/Kingfisher.framework; sourceTree = "<group>"; };
		461514C524D19E710085EE57 /* ReactiveMoya.framework */ = {isa = PBXFileReference; lastKnownFileType = wrapper.framework; name = ReactiveMoya.framework; path = Carthage/Build/iOS/ReactiveMoya.framework; sourceTree = "<group>"; };
		461514C624D19E710085EE57 /* ReactiveSwift.framework */ = {isa = PBXFileReference; lastKnownFileType = wrapper.framework; name = ReactiveSwift.framework; path = Carthage/Build/iOS/ReactiveSwift.framework; sourceTree = "<group>"; };
		461514CC24D1AF980085EE57 /* ViewModel.swift */ = {isa = PBXFileReference; lastKnownFileType = sourcecode.swift; path = ViewModel.swift; sourceTree = "<group>"; };
		461514CE24D1B0130085EE57 /* Helper.swift */ = {isa = PBXFileReference; lastKnownFileType = sourcecode.swift; path = Helper.swift; sourceTree = "<group>"; };
		461514D024D1B14C0085EE57 /* CollectionViewBindingUtil.swift */ = {isa = PBXFileReference; lastKnownFileType = sourcecode.swift; path = CollectionViewBindingUtil.swift; sourceTree = "<group>"; };
		461514D224D1B1710085EE57 /* SectionedSourceProtocol.swift */ = {isa = PBXFileReference; lastKnownFileType = sourcecode.swift; path = SectionedSourceProtocol.swift; sourceTree = "<group>"; };
		461514D424D1B1930085EE57 /* FactoryProtocol.swift */ = {isa = PBXFileReference; lastKnownFileType = sourcecode.swift; path = FactoryProtocol.swift; sourceTree = "<group>"; };
		461514E724D26C3B0085EE57 /* HeroViewController.swift */ = {isa = PBXFileReference; lastKnownFileType = sourcecode.swift; path = HeroViewController.swift; sourceTree = "<group>"; };
		461514E924D287A90085EE57 /* HeroMainCell.swift */ = {isa = PBXFileReference; lastKnownFileType = sourcecode.swift; path = HeroMainCell.swift; sourceTree = "<group>"; };
		461514EA24D287A90085EE57 /* HeroMainCell.xib */ = {isa = PBXFileReference; lastKnownFileType = file.xib; path = HeroMainCell.xib; sourceTree = "<group>"; };
		4618915D24D9365100519AF1 /* HeroDetailCell.swift */ = {isa = PBXFileReference; lastKnownFileType = sourcecode.swift; path = HeroDetailCell.swift; sourceTree = "<group>"; };
		4618915E24D9365200519AF1 /* HeroDetailCell.xib */ = {isa = PBXFileReference; lastKnownFileType = file.xib; path = HeroDetailCell.xib; sourceTree = "<group>"; };
		4618916824D97FBD00519AF1 /* TixDota2Tests.xctest */ = {isa = PBXFileReference; explicitFileType = wrapper.cfbundle; includeInIndex = 0; path = TixDota2Tests.xctest; sourceTree = BUILT_PRODUCTS_DIR; };
		4618916A24D97FBD00519AF1 /* TixDota2Tests.swift */ = {isa = PBXFileReference; lastKnownFileType = sourcecode.swift; path = TixDota2Tests.swift; sourceTree = "<group>"; };
		4618916C24D97FBD00519AF1 /* Info.plist */ = {isa = PBXFileReference; lastKnownFileType = text.plist.xml; path = Info.plist; sourceTree = "<group>"; };
		464F69FC24D4762900DEE186 /* Constants.swift */ = {isa = PBXFileReference; lastKnownFileType = sourcecode.swift; path = Constants.swift; sourceTree = "<group>"; };
		464F69FF24D5229A00DEE186 /* Hero.swift */ = {isa = PBXFileReference; lastKnownFileType = sourcecode.swift; path = Hero.swift; sourceTree = "<group>"; };
		464F6A0324D6807C00DEE186 /* HeroDetailViewController.swift */ = {isa = PBXFileReference; lastKnownFileType = sourcecode.swift; path = HeroDetailViewController.swift; sourceTree = "<group>"; };
		464F6A0524D832E900DEE186 /* KeychainSwift.framework */ = {isa = PBXFileReference; lastKnownFileType = wrapper.framework; name = KeychainSwift.framework; path = Carthage/Build/iOS/KeychainSwift.framework; sourceTree = "<group>"; };
		464F6A0924D8341000DEE186 /* CacheStorage.swift */ = {isa = PBXFileReference; lastKnownFileType = sourcecode.swift; path = CacheStorage.swift; sourceTree = "<group>"; };
		464F6A0B24D8342D00DEE186 /* HeroStorage.swift */ = {isa = PBXFileReference; lastKnownFileType = sourcecode.swift; path = HeroStorage.swift; sourceTree = "<group>"; };
		4661E6E224D3EA9C00C82059 /* FilterCell.swift */ = {isa = PBXFileReference; lastKnownFileType = sourcecode.swift; path = FilterCell.swift; sourceTree = "<group>"; };
		4661E6E324D3EA9C00C82059 /* FilterCell.xib */ = {isa = PBXFileReference; lastKnownFileType = file.xib; path = FilterCell.xib; sourceTree = "<group>"; };
		4661E6E824D3F2CF00C82059 /* FilterView.swift */ = {isa = PBXFileReference; lastKnownFileType = sourcecode.swift; path = FilterView.swift; sourceTree = "<group>"; };
		4661E6EA24D3F31600C82059 /* FilterView.xib */ = {isa = PBXFileReference; lastKnownFileType = file.xib; path = FilterView.xib; sourceTree = "<group>"; };
		4661E6EC24D4696200C82059 /* DetailView.swift */ = {isa = PBXFileReference; lastKnownFileType = sourcecode.swift; path = DetailView.swift; sourceTree = "<group>"; };
		4661E6EE24D4697600C82059 /* DetailView.xib */ = {isa = PBXFileReference; lastKnownFileType = file.xib; path = DetailView.xib; sourceTree = "<group>"; };
		46926E9824D9C46F005AA2DC /* Quick.framework */ = {isa = PBXFileReference; lastKnownFileType = wrapper.framework; name = Quick.framework; path = Carthage/Build/iOS/Quick.framework; sourceTree = "<group>"; };
		46926E9A24D9C473005AA2DC /* Nimble.framework */ = {isa = PBXFileReference; lastKnownFileType = wrapper.framework; name = Nimble.framework; path = Carthage/Build/iOS/Nimble.framework; sourceTree = "<group>"; };
		46926E9E24DA4A86005AA2DC /* HeroMainCellModelSpec.swift */ = {isa = PBXFileReference; lastKnownFileType = sourcecode.swift; path = HeroMainCellModelSpec.swift; sourceTree = "<group>"; };
		46926EA024DA4ADC005AA2DC /* HeroStorageSpec.swift */ = {isa = PBXFileReference; lastKnownFileType = sourcecode.swift; path = HeroStorageSpec.swift; sourceTree = "<group>"; };
		46926EA224DA4B9F005AA2DC /* HeroViewModelSpec.swift */ = {isa = PBXFileReference; lastKnownFileType = sourcecode.swift; path = HeroViewModelSpec.swift; sourceTree = "<group>"; };
		46926EA524DA4CFE005AA2DC /* HeroViewModel.swift */ = {isa = PBXFileReference; lastKnownFileType = sourcecode.swift; path = HeroViewModel.swift; sourceTree = "<group>"; };
		46926EA724DA4DB1005AA2DC /* HeroDetailViewModel.swift */ = {isa = PBXFileReference; lastKnownFileType = sourcecode.swift; path = HeroDetailViewModel.swift; sourceTree = "<group>"; };
		46926EA924DA4E13005AA2DC /* HeroMainCellModel.swift */ = {isa = PBXFileReference; lastKnownFileType = sourcecode.swift; path = HeroMainCellModel.swift; sourceTree = "<group>"; };
		46926EAB24DA4E7F005AA2DC /* FilterCellModel.swift */ = {isa = PBXFileReference; lastKnownFileType = sourcecode.swift; path = FilterCellModel.swift; sourceTree = "<group>"; };
		46926EAD24DA4EDB005AA2DC /* FilterViewModel.swift */ = {isa = PBXFileReference; lastKnownFileType = sourcecode.swift; path = FilterViewModel.swift; sourceTree = "<group>"; };
		46926EAF24DA4F3B005AA2DC /* DetailViewModel.swift */ = {isa = PBXFileReference; lastKnownFileType = sourcecode.swift; path = DetailViewModel.swift; sourceTree = "<group>"; };
		46926EB124DA4FD1005AA2DC /* HeroDetailCellModel.swift */ = {isa = PBXFileReference; lastKnownFileType = sourcecode.swift; path = HeroDetailCellModel.swift; sourceTree = "<group>"; };
/* End PBXFileReference section */

/* Begin PBXFrameworksBuildPhase section */
		4615149F24D193A90085EE57 /* Frameworks */ = {
			isa = PBXFrameworksBuildPhase;
			buildActionMask = 2147483647;
			files = (
				464F6A0624D832EA00DEE186 /* KeychainSwift.framework in Frameworks */,
				461514C324D19E600085EE57 /* Kingfisher.framework in Frameworks */,
				461514C924D19E710085EE57 /* ReactiveSwift.framework in Frameworks */,
				461514BC24D19E500085EE57 /* Alamofire.framework in Frameworks */,
			);
			runOnlyForDeploymentPostprocessing = 0;
		};
		4618916524D97FBD00519AF1 /* Frameworks */ = {
			isa = PBXFrameworksBuildPhase;
			buildActionMask = 2147483647;
			files = (
				46926E9924D9C46F005AA2DC /* Quick.framework in Frameworks */,
				46926E9B24D9C473005AA2DC /* Nimble.framework in Frameworks */,
			);
			runOnlyForDeploymentPostprocessing = 0;
		};
/* End PBXFrameworksBuildPhase section */

/* Begin PBXGroup section */
		4615149924D193A90085EE57 = {
			isa = PBXGroup;
			children = (
				461514A424D193A90085EE57 /* TixDota2 */,
				4618916924D97FBD00519AF1 /* TixDota2Tests */,
				461514A324D193A90085EE57 /* Products */,
				461514BA24D19E500085EE57 /* Frameworks */,
			);
			sourceTree = "<group>";
		};
		461514A324D193A90085EE57 /* Products */ = {
			isa = PBXGroup;
			children = (
				461514A224D193A90085EE57 /* TixDota2.app */,
				4618916824D97FBD00519AF1 /* TixDota2Tests.xctest */,
			);
			name = Products;
			sourceTree = "<group>";
		};
		461514A424D193A90085EE57 /* TixDota2 */ = {
			isa = PBXGroup;
			children = (
				46926EA424DA4CC1005AA2DC /* ViewModels */,
				464F6A0824D8340000DEE186 /* Storage */,
				464F69FE24D5227000DEE186 /* Models */,
				461514E624D26BF30085EE57 /* Controllers */,
				461514E124D267030085EE57 /* Views */,
				461514CB24D1AF730085EE57 /* Utils */,
				461514A524D193A90085EE57 /* AppDelegate.swift */,
				461514A724D193A90085EE57 /* SceneDelegate.swift */,
				461514AE24D193AC0085EE57 /* Assets.xcassets */,
				461514B024D193AC0085EE57 /* LaunchScreen.storyboard */,
				461514B324D193AC0085EE57 /* Info.plist */,
			);
			path = TixDota2;
			sourceTree = "<group>";
		};
		461514BA24D19E500085EE57 /* Frameworks */ = {
			isa = PBXGroup;
			children = (
				46926E9A24D9C473005AA2DC /* Nimble.framework */,
				46926E9824D9C46F005AA2DC /* Quick.framework */,
				464F6A0524D832E900DEE186 /* KeychainSwift.framework */,
				461514C524D19E710085EE57 /* ReactiveMoya.framework */,
				461514C624D19E710085EE57 /* ReactiveSwift.framework */,
				461514C024D19E600085EE57 /* Kingfisher.framework */,
				461514BF24D19E600085EE57 /* Moya.framework */,
				461514BB24D19E500085EE57 /* Alamofire.framework */,
			);
			name = Frameworks;
			sourceTree = "<group>";
		};
		461514CB24D1AF730085EE57 /* Utils */ = {
			isa = PBXGroup;
			children = (
				464F69FC24D4762900DEE186 /* Constants.swift */,
				461514CC24D1AF980085EE57 /* ViewModel.swift */,
				461514CE24D1B0130085EE57 /* Helper.swift */,
				461514D024D1B14C0085EE57 /* CollectionViewBindingUtil.swift */,
				461514D224D1B1710085EE57 /* SectionedSourceProtocol.swift */,
				461514D424D1B1930085EE57 /* FactoryProtocol.swift */,
			);
			path = Utils;
			sourceTree = "<group>";
		};
		461514E124D267030085EE57 /* Views */ = {
			isa = PBXGroup;
			children = (
				461514E924D287A90085EE57 /* HeroMainCell.swift */,
				461514EA24D287A90085EE57 /* HeroMainCell.xib */,
				4661E6E224D3EA9C00C82059 /* FilterCell.swift */,
				4661E6E324D3EA9C00C82059 /* FilterCell.xib */,
				4661E6E824D3F2CF00C82059 /* FilterView.swift */,
				4661E6EA24D3F31600C82059 /* FilterView.xib */,
				4661E6EC24D4696200C82059 /* DetailView.swift */,
				4661E6EE24D4697600C82059 /* DetailView.xib */,
				4618915D24D9365100519AF1 /* HeroDetailCell.swift */,
				4618915E24D9365200519AF1 /* HeroDetailCell.xib */,
			);
			path = Views;
			sourceTree = "<group>";
		};
		461514E624D26BF30085EE57 /* Controllers */ = {
			isa = PBXGroup;
			children = (
				461514E724D26C3B0085EE57 /* HeroViewController.swift */,
				464F6A0324D6807C00DEE186 /* HeroDetailViewController.swift */,
			);
			path = Controllers;
			sourceTree = "<group>";
		};
		4618916924D97FBD00519AF1 /* TixDota2Tests */ = {
			isa = PBXGroup;
			children = (
				4618916A24D97FBD00519AF1 /* TixDota2Tests.swift */,
				4618916C24D97FBD00519AF1 /* Info.plist */,
				46926E9E24DA4A86005AA2DC /* HeroMainCellModelSpec.swift */,
				46926EA024DA4ADC005AA2DC /* HeroStorageSpec.swift */,
				46926EA224DA4B9F005AA2DC /* HeroViewModelSpec.swift */,
			);
			path = TixDota2Tests;
			sourceTree = "<group>";
		};
		464F69FE24D5227000DEE186 /* Models */ = {
			isa = PBXGroup;
			children = (
				464F69FF24D5229A00DEE186 /* Hero.swift */,
			);
			path = Models;
			sourceTree = "<group>";
		};
		464F6A0824D8340000DEE186 /* Storage */ = {
			isa = PBXGroup;
			children = (
				464F6A0924D8341000DEE186 /* CacheStorage.swift */,
				464F6A0B24D8342D00DEE186 /* HeroStorage.swift */,
			);
			path = Storage;
			sourceTree = "<group>";
		};
		46926EA424DA4CC1005AA2DC /* ViewModels */ = {
			isa = PBXGroup;
			children = (
				46926EA524DA4CFE005AA2DC /* HeroViewModel.swift */,
				46926EA724DA4DB1005AA2DC /* HeroDetailViewModel.swift */,
				46926EA924DA4E13005AA2DC /* HeroMainCellModel.swift */,
				46926EAB24DA4E7F005AA2DC /* FilterCellModel.swift */,
				46926EAD24DA4EDB005AA2DC /* FilterViewModel.swift */,
				46926EAF24DA4F3B005AA2DC /* DetailViewModel.swift */,
				46926EB124DA4FD1005AA2DC /* HeroDetailCellModel.swift */,
			);
			path = ViewModels;
			sourceTree = "<group>";
		};
/* End PBXGroup section */

/* Begin PBXNativeTarget section */
		461514A124D193A90085EE57 /* TixDota2 */ = {
			isa = PBXNativeTarget;
			buildConfigurationList = 461514B624D193AC0085EE57 /* Build configuration list for PBXNativeTarget "TixDota2" */;
			buildPhases = (
				4615149E24D193A90085EE57 /* Sources */,
				4615149F24D193A90085EE57 /* Frameworks */,
				461514A024D193A90085EE57 /* Resources */,
				461514B924D19D930085EE57 /* Carthage */,
				461514BE24D19E500085EE57 /* Embed Frameworks */,
			);
			buildRules = (
			);
			dependencies = (
			);
			name = TixDota2;
			productName = TixDota2;
			productReference = 461514A224D193A90085EE57 /* TixDota2.app */;
			productType = "com.apple.product-type.application";
		};
		4618916724D97FBD00519AF1 /* TixDota2Tests */ = {
			isa = PBXNativeTarget;
			buildConfigurationList = 4618916F24D97FBD00519AF1 /* Build configuration list for PBXNativeTarget "TixDota2Tests" */;
			buildPhases = (
				4618916424D97FBD00519AF1 /* Sources */,
				4618916524D97FBD00519AF1 /* Frameworks */,
				4618916624D97FBD00519AF1 /* Resources */,
				4618917224D97FE000519AF1 /* ShellScript */,
			);
			buildRules = (
			);
			dependencies = (
				4618916E24D97FBD00519AF1 /* PBXTargetDependency */,
			);
			name = TixDota2Tests;
			productName = TixDota2Tests;
			productReference = 4618916824D97FBD00519AF1 /* TixDota2Tests.xctest */;
			productType = "com.apple.product-type.bundle.unit-test";
		};
/* End PBXNativeTarget section */

/* Begin PBXProject section */
		4615149A24D193A90085EE57 /* Project object */ = {
			isa = PBXProject;
			attributes = {
				LastSwiftUpdateCheck = 1150;
				LastUpgradeCheck = 1150;
				ORGANIZATIONNAME = "Stevanus Prasetyo Soemadi";
				TargetAttributes = {
					461514A124D193A90085EE57 = {
						CreatedOnToolsVersion = 11.5;
					};
					4618916724D97FBD00519AF1 = {
						CreatedOnToolsVersion = 11.5;
						TestTargetID = 461514A124D193A90085EE57;
					};
				};
			};
			buildConfigurationList = 4615149D24D193A90085EE57 /* Build configuration list for PBXProject "TixDota2" */;
			compatibilityVersion = "Xcode 9.3";
			developmentRegion = en;
			hasScannedForEncodings = 0;
			knownRegions = (
				en,
				Base,
			);
			mainGroup = 4615149924D193A90085EE57;
			productRefGroup = 461514A324D193A90085EE57 /* Products */;
			projectDirPath = "";
			projectRoot = "";
			targets = (
				461514A124D193A90085EE57 /* TixDota2 */,
				4618916724D97FBD00519AF1 /* TixDota2Tests */,
			);
		};
/* End PBXProject section */

/* Begin PBXResourcesBuildPhase section */
		461514A024D193A90085EE57 /* Resources */ = {
			isa = PBXResourcesBuildPhase;
			buildActionMask = 2147483647;
			files = (
				4661E6EB24D3F31600C82059 /* FilterView.xib in Resources */,
				4661E6EF24D4697600C82059 /* DetailView.xib in Resources */,
				461514B224D193AC0085EE57 /* LaunchScreen.storyboard in Resources */,
				4618916024D9365200519AF1 /* HeroDetailCell.xib in Resources */,
				4661E6E524D3EA9C00C82059 /* FilterCell.xib in Resources */,
				461514AF24D193AC0085EE57 /* Assets.xcassets in Resources */,
				461514EC24D287A90085EE57 /* HeroMainCell.xib in Resources */,
			);
			runOnlyForDeploymentPostprocessing = 0;
		};
		4618916624D97FBD00519AF1 /* Resources */ = {
			isa = PBXResourcesBuildPhase;
			buildActionMask = 2147483647;
			files = (
			);
			runOnlyForDeploymentPostprocessing = 0;
		};
/* End PBXResourcesBuildPhase section */

/* Begin PBXShellScriptBuildPhase section */
		461514B924D19D930085EE57 /* Carthage */ = {
			isa = PBXShellScriptBuildPhase;
			buildActionMask = 2147483647;
			files = (
			);
			inputFileListPaths = (
			);
			inputPaths = (
				"$(SRCROOT)/Carthage/Build/iOS/Alamofire.framework",
				"$(SRCROOT)/Carthage/Build/iOS/Kingfisher.framework",
				"$(SRCROOT)/Carthage/Build/iOS/ReactiveSwift.framework",
				"$(SRCROOT)/Carthage/Build/iOS/KeychainSwift.framework",
			);
			name = Carthage;
			outputFileListPaths = (
			);
			outputPaths = (
			);
			runOnlyForDeploymentPostprocessing = 0;
			shellPath = /bin/sh;
			shellScript = "carthage copy-frameworks\n";
		};
		4618917224D97FE000519AF1 /* ShellScript */ = {
			isa = PBXShellScriptBuildPhase;
			buildActionMask = 2147483647;
			files = (
			);
			inputFileListPaths = (
			);
			inputPaths = (
				"$(SRCROOT)/Carthage/Build/iOS/Quick.framework",
				"$(SRCROOT)/Carthage/Build/iOS/Nimble.framework",
			);
			outputFileListPaths = (
			);
			outputPaths = (
			);
			runOnlyForDeploymentPostprocessing = 0;
			shellPath = /bin/sh;
			shellScript = "carthage copy-frameworks\n";
		};
/* End PBXShellScriptBuildPhase section */

/* Begin PBXSourcesBuildPhase section */
		4615149E24D193A90085EE57 /* Sources */ = {
			isa = PBXSourcesBuildPhase;
			buildActionMask = 2147483647;
			files = (
				461514A624D193A90085EE57 /* AppDelegate.swift in Sources */,
				46926EA624DA4CFE005AA2DC /* HeroViewModel.swift in Sources */,
				464F6A0C24D8342D00DEE186 /* HeroStorage.swift in Sources */,
				461514D524D1B1930085EE57 /* FactoryProtocol.swift in Sources */,
				461514EB24D287A90085EE57 /* HeroMainCell.swift in Sources */,
				46926EAC24DA4E7F005AA2DC /* FilterCellModel.swift in Sources */,
				4661E6E424D3EA9C00C82059 /* FilterCell.swift in Sources */,
				46926EB024DA4F3B005AA2DC /* DetailViewModel.swift in Sources */,
				461514D324D1B1710085EE57 /* SectionedSourceProtocol.swift in Sources */,
				464F6A0024D5229A00DEE186 /* Hero.swift in Sources */,
				46926EB224DA4FD1005AA2DC /* HeroDetailCellModel.swift in Sources */,
				46926EAA24DA4E13005AA2DC /* HeroMainCellModel.swift in Sources */,
				464F6A0A24D8341000DEE186 /* CacheStorage.swift in Sources */,
				46926EA824DA4DB1005AA2DC /* HeroDetailViewModel.swift in Sources */,
				464F6A0424D6807C00DEE186 /* HeroDetailViewController.swift in Sources */,
				461514CF24D1B0130085EE57 /* Helper.swift in Sources */,
				461514CD24D1AF980085EE57 /* ViewModel.swift in Sources */,
				46926EAE24DA4EDB005AA2DC /* FilterViewModel.swift in Sources */,
				461514D124D1B14C0085EE57 /* CollectionViewBindingUtil.swift in Sources */,
				4618915F24D9365200519AF1 /* HeroDetailCell.swift in Sources */,
				461514E824D26C3B0085EE57 /* HeroViewController.swift in Sources */,
				4661E6ED24D4696200C82059 /* DetailView.swift in Sources */,
				461514A824D193A90085EE57 /* SceneDelegate.swift in Sources */,
				4661E6E924D3F2CF00C82059 /* FilterView.swift in Sources */,
				464F69FD24D4762900DEE186 /* Constants.swift in Sources */,
			);
			runOnlyForDeploymentPostprocessing = 0;
		};
		4618916424D97FBD00519AF1 /* Sources */ = {
			isa = PBXSourcesBuildPhase;
			buildActionMask = 2147483647;
			files = (
				4618916B24D97FBD00519AF1 /* TixDota2Tests.swift in Sources */,
				46926E9F24DA4A86005AA2DC /* HeroMainCellModelSpec.swift in Sources */,
				46926EA124DA4ADC005AA2DC /* HeroStorageSpec.swift in Sources */,
				46926EA324DA4B9F005AA2DC /* HeroViewModelSpec.swift in Sources */,
			);
			runOnlyForDeploymentPostprocessing = 0;
		};
/* End PBXSourcesBuildPhase section */

/* Begin PBXTargetDependency section */
		4618916E24D97FBD00519AF1 /* PBXTargetDependency */ = {
			isa = PBXTargetDependency;
			target = 461514A124D193A90085EE57 /* TixDota2 */;
			targetProxy = 4618916D24D97FBD00519AF1 /* PBXContainerItemProxy */;
		};
/* End PBXTargetDependency section */

/* Begin PBXVariantGroup section */
		461514B024D193AC0085EE57 /* LaunchScreen.storyboard */ = {
			isa = PBXVariantGroup;
			children = (
				461514B124D193AC0085EE57 /* Base */,
			);
			name = LaunchScreen.storyboard;
			sourceTree = "<group>";
		};
/* End PBXVariantGroup section */

/* Begin XCBuildConfiguration section */
		461514B424D193AC0085EE57 /* Debug */ = {
			isa = XCBuildConfiguration;
			buildSettings = {
				ALWAYS_SEARCH_USER_PATHS = NO;
				CLANG_ANALYZER_NONNULL = YES;
				CLANG_ANALYZER_NUMBER_OBJECT_CONVERSION = YES_AGGRESSIVE;
				CLANG_CXX_LANGUAGE_STANDARD = "gnu++14";
				CLANG_CXX_LIBRARY = "libc++";
				CLANG_ENABLE_MODULES = YES;
				CLANG_ENABLE_OBJC_ARC = YES;
				CLANG_ENABLE_OBJC_WEAK = YES;
				CLANG_WARN_BLOCK_CAPTURE_AUTORELEASING = YES;
				CLANG_WARN_BOOL_CONVERSION = YES;
				CLANG_WARN_COMMA = YES;
				CLANG_WARN_CONSTANT_CONVERSION = YES;
				CLANG_WARN_DEPRECATED_OBJC_IMPLEMENTATIONS = YES;
				CLANG_WARN_DIRECT_OBJC_ISA_USAGE = YES_ERROR;
				CLANG_WARN_DOCUMENTATION_COMMENTS = YES;
				CLANG_WARN_EMPTY_BODY = YES;
				CLANG_WARN_ENUM_CONVERSION = YES;
				CLANG_WARN_INFINITE_RECURSION = YES;
				CLANG_WARN_INT_CONVERSION = YES;
				CLANG_WARN_NON_LITERAL_NULL_CONVERSION = YES;
				CLANG_WARN_OBJC_IMPLICIT_RETAIN_SELF = YES;
				CLANG_WARN_OBJC_LITERAL_CONVERSION = YES;
				CLANG_WARN_OBJC_ROOT_CLASS = YES_ERROR;
				CLANG_WARN_RANGE_LOOP_ANALYSIS = YES;
				CLANG_WARN_STRICT_PROTOTYPES = YES;
				CLANG_WARN_SUSPICIOUS_MOVE = YES;
				CLANG_WARN_UNGUARDED_AVAILABILITY = YES_AGGRESSIVE;
				CLANG_WARN_UNREACHABLE_CODE = YES;
				CLANG_WARN__DUPLICATE_METHOD_MATCH = YES;
				COPY_PHASE_STRIP = NO;
				DEBUG_INFORMATION_FORMAT = dwarf;
				ENABLE_STRICT_OBJC_MSGSEND = YES;
				ENABLE_TESTABILITY = YES;
				GCC_C_LANGUAGE_STANDARD = gnu11;
				GCC_DYNAMIC_NO_PIC = NO;
				GCC_NO_COMMON_BLOCKS = YES;
				GCC_OPTIMIZATION_LEVEL = 0;
				GCC_PREPROCESSOR_DEFINITIONS = (
					"DEBUG=1",
					"$(inherited)",
				);
				GCC_WARN_64_TO_32_BIT_CONVERSION = YES;
				GCC_WARN_ABOUT_RETURN_TYPE = YES_ERROR;
				GCC_WARN_UNDECLARED_SELECTOR = YES;
				GCC_WARN_UNINITIALIZED_AUTOS = YES_AGGRESSIVE;
				GCC_WARN_UNUSED_FUNCTION = YES;
				GCC_WARN_UNUSED_VARIABLE = YES;
				IPHONEOS_DEPLOYMENT_TARGET = 13.5;
				MTL_ENABLE_DEBUG_INFO = INCLUDE_SOURCE;
				MTL_FAST_MATH = YES;
				ONLY_ACTIVE_ARCH = YES;
				SDKROOT = iphoneos;
				SWIFT_ACTIVE_COMPILATION_CONDITIONS = DEBUG;
				SWIFT_OPTIMIZATION_LEVEL = "-Onone";
			};
			name = Debug;
		};
		461514B524D193AC0085EE57 /* Release */ = {
			isa = XCBuildConfiguration;
			buildSettings = {
				ALWAYS_SEARCH_USER_PATHS = NO;
				CLANG_ANALYZER_NONNULL = YES;
				CLANG_ANALYZER_NUMBER_OBJECT_CONVERSION = YES_AGGRESSIVE;
				CLANG_CXX_LANGUAGE_STANDARD = "gnu++14";
				CLANG_CXX_LIBRARY = "libc++";
				CLANG_ENABLE_MODULES = YES;
				CLANG_ENABLE_OBJC_ARC = YES;
				CLANG_ENABLE_OBJC_WEAK = YES;
				CLANG_WARN_BLOCK_CAPTURE_AUTORELEASING = YES;
				CLANG_WARN_BOOL_CONVERSION = YES;
				CLANG_WARN_COMMA = YES;
				CLANG_WARN_CONSTANT_CONVERSION = YES;
				CLANG_WARN_DEPRECATED_OBJC_IMPLEMENTATIONS = YES;
				CLANG_WARN_DIRECT_OBJC_ISA_USAGE = YES_ERROR;
				CLANG_WARN_DOCUMENTATION_COMMENTS = YES;
				CLANG_WARN_EMPTY_BODY = YES;
				CLANG_WARN_ENUM_CONVERSION = YES;
				CLANG_WARN_INFINITE_RECURSION = YES;
				CLANG_WARN_INT_CONVERSION = YES;
				CLANG_WARN_NON_LITERAL_NULL_CONVERSION = YES;
				CLANG_WARN_OBJC_IMPLICIT_RETAIN_SELF = YES;
				CLANG_WARN_OBJC_LITERAL_CONVERSION = YES;
				CLANG_WARN_OBJC_ROOT_CLASS = YES_ERROR;
				CLANG_WARN_RANGE_LOOP_ANALYSIS = YES;
				CLANG_WARN_STRICT_PROTOTYPES = YES;
				CLANG_WARN_SUSPICIOUS_MOVE = YES;
				CLANG_WARN_UNGUARDED_AVAILABILITY = YES_AGGRESSIVE;
				CLANG_WARN_UNREACHABLE_CODE = YES;
				CLANG_WARN__DUPLICATE_METHOD_MATCH = YES;
				COPY_PHASE_STRIP = NO;
				DEBUG_INFORMATION_FORMAT = "dwarf-with-dsym";
				ENABLE_NS_ASSERTIONS = NO;
				ENABLE_STRICT_OBJC_MSGSEND = YES;
				GCC_C_LANGUAGE_STANDARD = gnu11;
				GCC_NO_COMMON_BLOCKS = YES;
				GCC_WARN_64_TO_32_BIT_CONVERSION = YES;
				GCC_WARN_ABOUT_RETURN_TYPE = YES_ERROR;
				GCC_WARN_UNDECLARED_SELECTOR = YES;
				GCC_WARN_UNINITIALIZED_AUTOS = YES_AGGRESSIVE;
				GCC_WARN_UNUSED_FUNCTION = YES;
				GCC_WARN_UNUSED_VARIABLE = YES;
				IPHONEOS_DEPLOYMENT_TARGET = 13.5;
				MTL_ENABLE_DEBUG_INFO = NO;
				MTL_FAST_MATH = YES;
				SDKROOT = iphoneos;
				SWIFT_COMPILATION_MODE = wholemodule;
				SWIFT_OPTIMIZATION_LEVEL = "-O";
				VALIDATE_PRODUCT = YES;
			};
			name = Release;
		};
		461514B724D193AC0085EE57 /* Debug */ = {
			isa = XCBuildConfiguration;
			buildSettings = {
				ASSETCATALOG_COMPILER_APPICON_NAME = AppIcon;
				CODE_SIGN_STYLE = Automatic;
				DEVELOPMENT_TEAM = 7PC2NP6GC3;
				FRAMEWORK_SEARCH_PATHS = (
					"$(inherited)",
					"$(PROJECT_DIR)/Carthage/Build/iOS",
				);
				INFOPLIST_FILE = TixDota2/Info.plist;
				IPHONEOS_DEPLOYMENT_TARGET = 12.0;
				LD_RUNPATH_SEARCH_PATHS = (
					"$(inherited)",
					"@executable_path/Frameworks",
				);
				PRODUCT_BUNDLE_IDENTIFIER = com.testflight.TixDota2;
				PRODUCT_NAME = "$(TARGET_NAME)";
				SWIFT_VERSION = 5.0;
				TARGETED_DEVICE_FAMILY = 1;
			};
			name = Debug;
		};
		461514B824D193AC0085EE57 /* Release */ = {
			isa = XCBuildConfiguration;
			buildSettings = {
				ASSETCATALOG_COMPILER_APPICON_NAME = AppIcon;
				CODE_SIGN_STYLE = Automatic;
				DEVELOPMENT_TEAM = 7PC2NP6GC3;
				FRAMEWORK_SEARCH_PATHS = (
					"$(inherited)",
					"$(PROJECT_DIR)/Carthage/Build/iOS",
				);
				INFOPLIST_FILE = TixDota2/Info.plist;
				IPHONEOS_DEPLOYMENT_TARGET = 12.0;
				LD_RUNPATH_SEARCH_PATHS = (
					"$(inherited)",
					"@executable_path/Frameworks",
				);
				PRODUCT_BUNDLE_IDENTIFIER = com.testflight.TixDota2;
				PRODUCT_NAME = "$(TARGET_NAME)";
				SWIFT_VERSION = 5.0;
				TARGETED_DEVICE_FAMILY = 1;
			};
			name = Release;
		};
		4618917024D97FBD00519AF1 /* Debug */ = {
			isa = XCBuildConfiguration;
			buildSettings = {
				BUNDLE_LOADER = "$(TEST_HOST)";
				CODE_SIGN_STYLE = Automatic;
				DEVELOPMENT_TEAM = 7PC2NP6GC3;
				FRAMEWORK_SEARCH_PATHS = (
					"$(inherited)",
					"$(PROJECT_DIR)/Carthage/Build/iOS",
				);
				INFOPLIST_FILE = TixDota2Tests/Info.plist;
				LD_RUNPATH_SEARCH_PATHS = (
					"$(inherited)",
					"@executable_path/Frameworks",
					"@loader_path/Frameworks",
				);
				PRODUCT_BUNDLE_IDENTIFIER = com.testflight.TixDota2Tests;
				PRODUCT_NAME = "$(TARGET_NAME)";
				SWIFT_VERSION = 5.0;
				TARGETED_DEVICE_FAMILY = "1,2";
				TEST_HOST = "$(BUILT_PRODUCTS_DIR)/TixDota2.app/TixDota2";
			};
			name = Debug;
		};
		4618917124D97FBD00519AF1 /* Release */ = {
			isa = XCBuildConfiguration;
			buildSettings = {
				BUNDLE_LOADER = "$(TEST_HOST)";
				CODE_SIGN_STYLE = Automatic;
				DEVELOPMENT_TEAM = 7PC2NP6GC3;
				FRAMEWORK_SEARCH_PATHS = (
					"$(inherited)",
					"$(PROJECT_DIR)/Carthage/Build/iOS",
				);
				INFOPLIST_FILE = TixDota2Tests/Info.plist;
				LD_RUNPATH_SEARCH_PATHS = (
					"$(inherited)",
					"@executable_path/Frameworks",
					"@loader_path/Frameworks",
				);
				PRODUCT_BUNDLE_IDENTIFIER = com.testflight.TixDota2Tests;
				PRODUCT_NAME = "$(TARGET_NAME)";
				SWIFT_VERSION = 5.0;
				TARGETED_DEVICE_FAMILY = "1,2";
				TEST_HOST = "$(BUILT_PRODUCTS_DIR)/TixDota2.app/TixDota2";
			};
			name = Release;
		};
/* End XCBuildConfiguration section */

/* Begin XCConfigurationList section */
		4615149D24D193A90085EE57 /* Build configuration list for PBXProject "TixDota2" */ = {
			isa = XCConfigurationList;
			buildConfigurations = (
				461514B424D193AC0085EE57 /* Debug */,
				461514B524D193AC0085EE57 /* Release */,
			);
			defaultConfigurationIsVisible = 0;
			defaultConfigurationName = Release;
		};
		461514B624D193AC0085EE57 /* Build configuration list for PBXNativeTarget "TixDota2" */ = {
			isa = XCConfigurationList;
			buildConfigurations = (
				461514B724D193AC0085EE57 /* Debug */,
				461514B824D193AC0085EE57 /* Release */,
			);
			defaultConfigurationIsVisible = 0;
			defaultConfigurationName = Release;
		};
		4618916F24D97FBD00519AF1 /* Build configuration list for PBXNativeTarget "TixDota2Tests" */ = {
			isa = XCConfigurationList;
			buildConfigurations = (
				4618917024D97FBD00519AF1 /* Debug */,
				4618917124D97FBD00519AF1 /* Release */,
			);
			defaultConfigurationIsVisible = 0;
			defaultConfigurationName = Release;
		};
/* End XCConfigurationList section */
	};
	rootObject = 4615149A24D193A90085EE57 /* Project object */;
}
